
Microsoft Visual Studio Solution File, Format Version 12.00
# Visual Studio Version 17
VisualStudioVersion = 17.0.31710.8
MinimumVisualStudioVersion = 10.0.40219.1
Project("{9A19103F-16F7-4668-BE54-9A1E7A4F7556}") = "PPM", "Doop\PPM.csproj", "{7887CE71-0E36-4267-A705-20562F0121F6}"
EndProject
Project("{9A19103F-16F7-4668-BE54-9A1E7A4F7556}") = "Output", "Output\Output.csproj", "{70893606-6D93-45D3-8E91-A14EF069C7E5}"
EndProject
Project("{9A19103F-16F7-4668-BE54-9A1E7A4F7556}") = "Model", "Model\Model.csproj", "{752CE9C8-B0D8-4BC5-A447-E48FC1034D44}"
EndProject
Project("{9A19103F-16F7-4668-BE54-9A1E7A4F7556}") = "Domain", "Domain\Domain.csproj", "{BD7FC151-9692-414B-9079-91A77BE9FF06}"
EndProject
Global
	GlobalSection(SolutionConfigurationPlatforms) = preSolution
		Debug|Any CPU = Debug|Any CPU
		Release|Any CPU = Release|Any CPU
	EndGlobalSection
	GlobalSection(ProjectConfigurationPlatforms) = postSolution
		{7887CE71-0E36-4267-A705-20562F0121F6}.Debug|Any CPU.ActiveCfg = Debug|Any CPU
		{7887CE71-0E36-4267-A705-20562F0121F6}.Debug|Any CPU.Build.0 = Debug|Any CPU
		{7887CE71-0E36-4267-A705-20562F0121F6}.Release|Any CPU.ActiveCfg = Release|Any CPU
		{7887CE71-0E36-4267-A705-20562F0121F6}.Release|Any CPU.Build.0 = Release|Any CPU
		{70893606-6D93-45D3-8E91-A14EF069C7E5}.Debug|Any CPU.ActiveCfg = Debug|Any CPU
		{70893606-6D93-45D3-8E91-A14EF069C7E5}.Debug|Any CPU.Build.0 = Debug|Any CPU
		{70893606-6D93-45D3-8E91-A14EF069C7E5}.Release|Any CPU.ActiveCfg = Release|Any CPU
		{70893606-6D93-45D3-8E91-A14EF069C7E5}.Release|Any CPU.Build.0 = Release|Any CPU
		{752CE9C8-B0D8-4BC5-A447-E48FC1034D44}.Debug|Any CPU.ActiveCfg = Debug|Any CPU
		{752CE9C8-B0D8-4BC5-A447-E48FC1034D44}.Debug|Any CPU.Build.0 = Debug|Any CPU
		{752CE9C8-B0D8-4BC5-A447-E48FC1034D44}.Release|Any CPU.ActiveCfg = Release|Any CPU
		{752CE9C8-B0D8-4BC5-A447-E48FC1034D44}.Release|Any CPU.Build.0 = Release|Any CPU
		{BD7FC151-9692-414B-9079-91A77BE9FF06}.Debug|Any CPU.ActiveCfg = Debug|Any CPU
		{BD7FC151-9692-414B-9079-91A77BE9FF06}.Debug|Any CPU.Build.0 = Debug|Any CPU
		{BD7FC151-9692-414B-9079-91A77BE9FF06}.Release|Any CPU.ActiveCfg = Release|Any CPU
		{BD7FC151-9692-414B-9079-91A77BE9FF06}.Release|Any CPU.Build.0 = Release|Any CPU
	EndGlobalSection
	GlobalSection(SolutionProperties) = preSolution
		HideSolutionNode = FALSE
	EndGlobalSection
	GlobalSection(ExtensibilityGlobals) = postSolution
		SolutionGuid = {FBAB59C3-89C9-4CBD-A922-4169AF7EAB30}
	EndGlobalSection
EndGlobal
